Microsoft Visual Studio Solution File, Format Version 12.00
# Visual Studio Version 17
VisualStudioVersion = 17.5.2.0
MinimumVisualStudioVersion = 10.0.40219.1
Project("{FAE04EC0-301F-11D3-BF4B-00C04F79EFBC}") = "wordtt2", "wordtt2.csproj", "{1F52D170-4AB7-6FD3-0526-CA91AF514EA4}"
EndProject
Global
	GlobalSection(SolutionConfigurationPlatforms) = preSolution
		Debug|Any CPU = Debug|Any CPU
		Release|Any CPU = Release|Any CPU
	EndGlobalSection
	GlobalSection(ProjectConfigurationPlatforms) = postSolution
		{1F52D170-4AB7-6FD3-0526-CA91AF514EA4}.Debug|Any CPU.ActiveCfg = Debug|Any CPU
		{1F52D170-4AB7-6FD3-0526-CA91AF514EA4}.Debug|Any CPU.Build.0 = Debug|Any CPU
		{1F52D170-4AB7-6FD3-0526-CA91AF514EA4}.Release|Any CPU.ActiveCfg = Release|Any CPU
		{1F52D170-4AB7-6FD3-0526-CA91AF514EA4}.Release|Any CPU.Build.0 = Release|Any CPU
	EndGlobalSection
	GlobalSection(SolutionProperties) = preSolution
		HideSolutionNode = FALSE
	EndGlobalSection
	GlobalSection(ExtensibilityGlobals) = postSolution
		SolutionGuid = {A0E87F7A-3D96-422A-91AF-526B2FD2D761}
	EndGlobalSection
EndGlobal
